
Microsoft Visual Studio Solution File, Format Version 12.00
# Visual Studio Version 17
VisualStudioVersion = 17.7.33711.374
MinimumVisualStudioVersion = 10.0.40219.1
Project("{9A19103F-16F7-4668-BE54-9A1E7A4F7556}") = "NetDream.Core", "NetDream.Core\NetDream.Core.csproj", "{C153B9BA-2F3F-4639-BF05-126D709A446C}"
EndProject
Project("{9A19103F-16F7-4668-BE54-9A1E7A4F7556}") = "NetDream.Api", "NetDream.Api\NetDream.Api.csproj", "{5BE8F4C0-AE5F-4E96-9B8C-C42A4B43017E}"
EndProject
Project("{9A19103F-16F7-4668-BE54-9A1E7A4F7556}") = "NetDream.Razor", "NetDream.Razor\NetDream.Razor.csproj", "{AAEF2624-6900-4BD5-A4BC-62E22E41D802}"
EndProject
Project("{9A19103F-16F7-4668-BE54-9A1E7A4F7556}") = "NetDream.Web", "NetDream.Web\NetDream.Web.csproj", "{6F0A3C0F-D6B2-4186-A63C-7B2791DD7902}"
EndProject
Project("{2150E333-8FDC-42A3-9474-1A3956D46DE8}") = "Modules", "Modules", "{03BF2D69-82E2-4D8A-9C22-F6DEF345541C}"
EndProject
Project("{FAE04EC0-301F-11D3-BF4B-00C04F79EFBC}") = "NetDream.Modules.Auth", "NetDream.Modules.Auth\NetDream.Modules.Auth.csproj", "{14576DE7-06A1-4279-8CD9-6415FB270353}"
EndProject
Project("{FAE04EC0-301F-11D3-BF4B-00C04F79EFBC}") = "NetDream.Modules.Blog", "NetDream.Modules.Blog\NetDream.Modules.Blog.csproj", "{EA4FFD00-A12F-4D0E-9E7C-89B55C47F1F5}"
EndProject
Project("{FAE04EC0-301F-11D3-BF4B-00C04F79EFBC}") = "NetDream.Modules.Chat", "NetDream.Modules.Chat\NetDream.Modules.Chat.csproj", "{FC9B187C-C925-4F84-9004-3D76D60D626D}"
EndProject
Project("{FAE04EC0-301F-11D3-BF4B-00C04F79EFBC}") = "NetDream.Modules.Contact", "NetDream.Modules.Contact\NetDream.Modules.Contact.csproj", "{16BAB608-A035-4B32-BFA0-160468D4D1D2}"
EndProject
Project("{FAE04EC0-301F-11D3-BF4B-00C04F79EFBC}") = "NetDream.Modules.Gzo", "NetDream.Modules.Gzo\NetDream.Modules.Gzo.csproj", "{020824FF-A787-4946-BA25-B163B2CF6474}"
EndProject
Project("{FAE04EC0-301F-11D3-BF4B-00C04F79EFBC}") = "NetDream.Modules.OpenPlatform", "NetDream.Modules.OpenPlatform\NetDream.Modules.OpenPlatform.csproj", "{10F7FC1E-C66D-4EB5-A49E-9932983ED534}"
EndProject
Project("{FAE04EC0-301F-11D3-BF4B-00C04F79EFBC}") = "NetDream.Modules.Shop", "NetDream.Modules.Shop\NetDream.Modules.Shop.csproj", "{B8EF4810-3D0B-4DE3-A523-D51B33F6B240}"
EndProject
Project("{FAE04EC0-301F-11D3-BF4B-00C04F79EFBC}") = "NetDream.Modules.SEO", "NetDream.Modules.SEO\NetDream.Modules.SEO.csproj", "{AEB14FBE-D04D-4CFA-B4D2-45B9531303FB}"
EndProject
Project("{FAE04EC0-301F-11D3-BF4B-00C04F79EFBC}") = "NetDream.Modules.Document", "NetDream.Modules.Document\NetDream.Modules.Document.csproj", "{076E10FA-6A3A-4B4F-B464-F283C4FF53F2}"
EndProject
Project("{FAE04EC0-301F-11D3-BF4B-00C04F79EFBC}") = "NetDream.Modules.Book", "NetDream.Modules.Book\NetDream.Modules.Book.csproj", "{4D45D8A2-C26E-4934-8750-63CD8EA0C093}"
EndProject
Project("{FAE04EC0-301F-11D3-BF4B-00C04F79EFBC}") = "NetDream.Cli", "NetDream.Cli\NetDream.Cli.csproj", "{2A7FFB95-2064-4AF1-9AF3-4029FF81B58F}"
EndProject
Project("{FAE04EC0-301F-11D3-BF4B-00C04F79EFBC}") = "NetDream.Tests", "NetDream.Tests\NetDream.Tests.csproj", "{69940E57-9372-4A19-B03D-FEEF6BE85545}"
EndProject
Global
	GlobalSection(SolutionConfigurationPlatforms) = preSolution
		Debug|Any CPU = Debug|Any CPU
		Release|Any CPU = Release|Any CPU
	EndGlobalSection
	GlobalSection(ProjectConfigurationPlatforms) = postSolution
		{C153B9BA-2F3F-4639-BF05-126D709A446C}.Debug|Any CPU.ActiveCfg = Debug|Any CPU
		{C153B9BA-2F3F-4639-BF05-126D709A446C}.Debug|Any CPU.Build.0 = Debug|Any CPU
		{C153B9BA-2F3F-4639-BF05-126D709A446C}.Release|Any CPU.ActiveCfg = Release|Any CPU
		{C153B9BA-2F3F-4639-BF05-126D709A446C}.Release|Any CPU.Build.0 = Release|Any CPU
		{5BE8F4C0-AE5F-4E96-9B8C-C42A4B43017E}.Debug|Any CPU.ActiveCfg = Debug|Any CPU
		{5BE8F4C0-AE5F-4E96-9B8C-C42A4B43017E}.Debug|Any CPU.Build.0 = Debug|Any CPU
		{5BE8F4C0-AE5F-4E96-9B8C-C42A4B43017E}.Release|Any CPU.ActiveCfg = Release|Any CPU
		{5BE8F4C0-AE5F-4E96-9B8C-C42A4B43017E}.Release|Any CPU.Build.0 = Release|Any CPU
		{AAEF2624-6900-4BD5-A4BC-62E22E41D802}.Debug|Any CPU.ActiveCfg = Debug|Any CPU
		{AAEF2624-6900-4BD5-A4BC-62E22E41D802}.Debug|Any CPU.Build.0 = Debug|Any CPU
		{AAEF2624-6900-4BD5-A4BC-62E22E41D802}.Release|Any CPU.ActiveCfg = Release|Any CPU
		{AAEF2624-6900-4BD5-A4BC-62E22E41D802}.Release|Any CPU.Build.0 = Release|Any CPU
		{6F0A3C0F-D6B2-4186-A63C-7B2791DD7902}.Debug|Any CPU.ActiveCfg = Debug|Any CPU
		{6F0A3C0F-D6B2-4186-A63C-7B2791DD7902}.Debug|Any CPU.Build.0 = Debug|Any CPU
		{6F0A3C0F-D6B2-4186-A63C-7B2791DD7902}.Release|Any CPU.ActiveCfg = Release|Any CPU
		{6F0A3C0F-D6B2-4186-A63C-7B2791DD7902}.Release|Any CPU.Build.0 = Release|Any CPU
		{14576DE7-06A1-4279-8CD9-6415FB270353}.Debug|Any CPU.ActiveCfg = Debug|Any CPU
		{14576DE7-06A1-4279-8CD9-6415FB270353}.Debug|Any CPU.Build.0 = Debug|Any CPU
		{14576DE7-06A1-4279-8CD9-6415FB270353}.Release|Any CPU.ActiveCfg = Release|Any CPU
		{14576DE7-06A1-4279-8CD9-6415FB270353}.Release|Any CPU.Build.0 = Release|Any CPU
		{EA4FFD00-A12F-4D0E-9E7C-89B55C47F1F5}.Debug|Any CPU.ActiveCfg = Debug|Any CPU
		{EA4FFD00-A12F-4D0E-9E7C-89B55C47F1F5}.Debug|Any CPU.Build.0 = Debug|Any CPU
		{EA4FFD00-A12F-4D0E-9E7C-89B55C47F1F5}.Release|Any CPU.ActiveCfg = Release|Any CPU
		{EA4FFD00-A12F-4D0E-9E7C-89B55C47F1F5}.Release|Any CPU.Build.0 = Release|Any CPU
		{FC9B187C-C925-4F84-9004-3D76D60D626D}.Debug|Any CPU.ActiveCfg = Debug|Any CPU
		{FC9B187C-C925-4F84-9004-3D76D60D626D}.Debug|Any CPU.Build.0 = Debug|Any CPU
		{FC9B187C-C925-4F84-9004-3D76D60D626D}.Release|Any CPU.ActiveCfg = Release|Any CPU
		{FC9B187C-C925-4F84-9004-3D76D60D626D}.Release|Any CPU.Build.0 = Release|Any CPU
		{16BAB608-A035-4B32-BFA0-160468D4D1D2}.Debug|Any CPU.ActiveCfg = Debug|Any CPU
		{16BAB608-A035-4B32-BFA0-160468D4D1D2}.Debug|Any CPU.Build.0 = Debug|Any CPU
		{16BAB608-A035-4B32-BFA0-160468D4D1D2}.Release|Any CPU.ActiveCfg = Release|Any CPU
		{16BAB608-A035-4B32-BFA0-160468D4D1D2}.Release|Any CPU.Build.0 = Release|Any CPU
		{020824FF-A787-4946-BA25-B163B2CF6474}.Debug|Any CPU.ActiveCfg = Debug|Any CPU
		{020824FF-A787-4946-BA25-B163B2CF6474}.Debug|Any CPU.Build.0 = Debug|Any CPU
		{020824FF-A787-4946-BA25-B163B2CF6474}.Release|Any CPU.ActiveCfg = Release|Any CPU
		{020824FF-A787-4946-BA25-B163B2CF6474}.Release|Any CPU.Build.0 = Release|Any CPU
		{10F7FC1E-C66D-4EB5-A49E-9932983ED534}.Debug|Any CPU.ActiveCfg = Debug|Any CPU
		{10F7FC1E-C66D-4EB5-A49E-9932983ED534}.Debug|Any CPU.Build.0 = Debug|Any CPU
		{10F7FC1E-C66D-4EB5-A49E-9932983ED534}.Release|Any CPU.ActiveCfg = Release|Any CPU
		{10F7FC1E-C66D-4EB5-A49E-9932983ED534}.Release|Any CPU.Build.0 = Release|Any CPU
		{B8EF4810-3D0B-4DE3-A523-D51B33F6B240}.Debug|Any CPU.ActiveCfg = Debug|Any CPU
		{B8EF4810-3D0B-4DE3-A523-D51B33F6B240}.Debug|Any CPU.Build.0 = Debug|Any CPU
		{B8EF4810-3D0B-4DE3-A523-D51B33F6B240}.Release|Any CPU.ActiveCfg = Release|Any CPU
		{B8EF4810-3D0B-4DE3-A523-D51B33F6B240}.Release|Any CPU.Build.0 = Release|Any CPU
		{AEB14FBE-D04D-4CFA-B4D2-45B9531303FB}.Debug|Any CPU.ActiveCfg = Debug|Any CPU
		{AEB14FBE-D04D-4CFA-B4D2-45B9531303FB}.Debug|Any CPU.Build.0 = Debug|Any CPU
		{AEB14FBE-D04D-4CFA-B4D2-45B9531303FB}.Release|Any CPU.ActiveCfg = Release|Any CPU
		{AEB14FBE-D04D-4CFA-B4D2-45B9531303FB}.Release|Any CPU.Build.0 = Release|Any CPU
		{076E10FA-6A3A-4B4F-B464-F283C4FF53F2}.Debug|Any CPU.ActiveCfg = Debug|Any CPU
		{076E10FA-6A3A-4B4F-B464-F283C4FF53F2}.Debug|Any CPU.Build.0 = Debug|Any CPU
		{076E10FA-6A3A-4B4F-B464-F283C4FF53F2}.Release|Any CPU.ActiveCfg = Release|Any CPU
		{076E10FA-6A3A-4B4F-B464-F283C4FF53F2}.Release|Any CPU.Build.0 = Release|Any CPU
		{4D45D8A2-C26E-4934-8750-63CD8EA0C093}.Debug|Any CPU.ActiveCfg = Debug|Any CPU
		{4D45D8A2-C26E-4934-8750-63CD8EA0C093}.Debug|Any CPU.Build.0 = Debug|Any CPU
		{4D45D8A2-C26E-4934-8750-63CD8EA0C093}.Release|Any CPU.ActiveCfg = Release|Any CPU
		{4D45D8A2-C26E-4934-8750-63CD8EA0C093}.Release|Any CPU.Build.0 = Release|Any CPU
		{2A7FFB95-2064-4AF1-9AF3-4029FF81B58F}.Debug|Any CPU.ActiveCfg = Debug|Any CPU
		{2A7FFB95-2064-4AF1-9AF3-4029FF81B58F}.Debug|Any CPU.Build.0 = Debug|Any CPU
		{2A7FFB95-2064-4AF1-9AF3-4029FF81B58F}.Release|Any CPU.ActiveCfg = Release|Any CPU
		{2A7FFB95-2064-4AF1-9AF3-4029FF81B58F}.Release|Any CPU.Build.0 = Release|Any CPU
		{69940E57-9372-4A19-B03D-FEEF6BE85545}.Debug|Any CPU.ActiveCfg = Debug|Any CPU
		{69940E57-9372-4A19-B03D-FEEF6BE85545}.Debug|Any CPU.Build.0 = Debug|Any CPU
		{69940E57-9372-4A19-B03D-FEEF6BE85545}.Release|Any CPU.ActiveCfg = Release|Any CPU
		{69940E57-9372-4A19-B03D-FEEF6BE85545}.Release|Any CPU.Build.0 = Release|Any CPU
	EndGlobalSection
	GlobalSection(SolutionProperties) = preSolution
		HideSolutionNode = FALSE
	EndGlobalSection
	GlobalSection(NestedProjects) = preSolution
		{14576DE7-06A1-4279-8CD9-6415FB270353} = {03BF2D69-82E2-4D8A-9C22-F6DEF345541C}
		{EA4FFD00-A12F-4D0E-9E7C-89B55C47F1F5} = {03BF2D69-82E2-4D8A-9C22-F6DEF345541C}
		{FC9B187C-C925-4F84-9004-3D76D60D626D} = {03BF2D69-82E2-4D8A-9C22-F6DEF345541C}
		{16BAB608-A035-4B32-BFA0-160468D4D1D2} = {03BF2D69-82E2-4D8A-9C22-F6DEF345541C}
		{020824FF-A787-4946-BA25-B163B2CF6474} = {03BF2D69-82E2-4D8A-9C22-F6DEF345541C}
		{10F7FC1E-C66D-4EB5-A49E-9932983ED534} = {03BF2D69-82E2-4D8A-9C22-F6DEF345541C}
		{B8EF4810-3D0B-4DE3-A523-D51B33F6B240} = {03BF2D69-82E2-4D8A-9C22-F6DEF345541C}
		{AEB14FBE-D04D-4CFA-B4D2-45B9531303FB} = {03BF2D69-82E2-4D8A-9C22-F6DEF345541C}
		{076E10FA-6A3A-4B4F-B464-F283C4FF53F2} = {03BF2D69-82E2-4D8A-9C22-F6DEF345541C}
		{4D45D8A2-C26E-4934-8750-63CD8EA0C093} = {03BF2D69-82E2-4D8A-9C22-F6DEF345541C}
	EndGlobalSection
	GlobalSection(ExtensibilityGlobals) = postSolution
		SolutionGuid = {137970B0-B381-4D3F-AD18-F22A2B0365E6}
	EndGlobalSection
EndGlobal
