
Microsoft Visual Studio Solution File, Format Version 12.00
# Visual Studio Version 17
VisualStudioVersion = 17.7.33711.374
MinimumVisualStudioVersion = 10.0.40219.1
Project("{9A19103F-16F7-4668-BE54-9A1E7A4F7556}") = "NetDream.Core", "NetDream.Core\NetDream.Core.csproj", "{C153B9BA-2F3F-4639-BF05-126D709A446C}"
EndProject
Project("{9A19103F-16F7-4668-BE54-9A1E7A4F7556}") = "NetDream.Api", "NetDream.Api\NetDream.Api.csproj", "{5BE8F4C0-AE5F-4E96-9B8C-C42A4B43017E}"
EndProject
Project("{9A19103F-16F7-4668-BE54-9A1E7A4F7556}") = "NetDream.Razor", "NetDream.Razor\NetDream.Razor.csproj", "{AAEF2624-6900-4BD5-A4BC-62E22E41D802}"
EndProject
Project("{9A19103F-16F7-4668-BE54-9A1E7A4F7556}") = "NetDream.Web", "NetDream.Web\NetDream.Web.csproj", "{6F0A3C0F-D6B2-4186-A63C-7B2791DD7902}"
EndProject
Project("{2150E333-8FDC-42A3-9474-1A3956D46DE8}") = "Modules", "Modules", "{03BF2D69-82E2-4D8A-9C22-F6DEF345541C}"
EndProject
Project("{9A19103F-16F7-4668-BE54-9A1E7A4F7556}") = "Auth", "Modules\Auth\Auth.csproj", "{14576DE7-06A1-4279-8CD9-6415FB270353}"
EndProject
Project("{9A19103F-16F7-4668-BE54-9A1E7A4F7556}") = "Blog", "Modules\Blog\Blog.csproj", "{EA4FFD00-A12F-4D0E-9E7C-89B55C47F1F5}"
EndProject
Project("{9A19103F-16F7-4668-BE54-9A1E7A4F7556}") = "Chat", "Modules\Chat\Chat.csproj", "{FC9B187C-C925-4F84-9004-3D76D60D626D}"
EndProject
Project("{9A19103F-16F7-4668-BE54-9A1E7A4F7556}") = "Contact", "Modules\Contact\Contact.csproj", "{16BAB608-A035-4B32-BFA0-160468D4D1D2}"
EndProject
Project("{9A19103F-16F7-4668-BE54-9A1E7A4F7556}") = "Gzo", "Modules\Gzo\Gzo.csproj", "{020824FF-A787-4946-BA25-B163B2CF6474}"
EndProject
Project("{9A19103F-16F7-4668-BE54-9A1E7A4F7556}") = "OpenPlatform", "Modules\OpenPlatform\OpenPlatform.csproj", "{10F7FC1E-C66D-4EB5-A49E-9932983ED534}"
EndProject
Project("{9A19103F-16F7-4668-BE54-9A1E7A4F7556}") = "Shop", "Modules\Shop\Shop.csproj", "{B8EF4810-3D0B-4DE3-A523-D51B33F6B240}"
EndProject
Project("{9A19103F-16F7-4668-BE54-9A1E7A4F7556}") = "SEO", "Modules\SEO\SEO.csproj", "{AEB14FBE-D04D-4CFA-B4D2-45B9531303FB}"
EndProject
Project("{9A19103F-16F7-4668-BE54-9A1E7A4F7556}") = "Document", "Modules\Document\Document.csproj", "{076E10FA-6A3A-4B4F-B464-F283C4FF53F2}"
EndProject
Project("{9A19103F-16F7-4668-BE54-9A1E7A4F7556}") = "Book", "Modules\Book\Book.csproj", "{4D45D8A2-C26E-4934-8750-63CD8EA0C093}"
EndProject
Project("{9A19103F-16F7-4668-BE54-9A1E7A4F7556}") = "NetDream.Cli", "NetDream.Cli\NetDream.Cli.csproj", "{2A7FFB95-2064-4AF1-9AF3-4029FF81B58F}"
EndProject
Project("{9A19103F-16F7-4668-BE54-9A1E7A4F7556}") = "NetDream.Tests", "NetDream.Tests\NetDream.Tests.csproj", "{69940E57-9372-4A19-B03D-FEEF6BE85545}"
EndProject
Project("{9A19103F-16F7-4668-BE54-9A1E7A4F7556}") = "CMS", "Modules\CMS\CMS.csproj", "{5F38BDA8-A0B8-4BF3-8AAF-B92B166DC547}"
EndProject
Project("{9A19103F-16F7-4668-BE54-9A1E7A4F7556}") = "Live", "Modules\Live\Live.csproj", "{56E5D6AB-1289-45DD-A12F-60472635E865}"
EndProject
Project("{9A19103F-16F7-4668-BE54-9A1E7A4F7556}") = "OnlineDisk", "Modules\OnlineDisk\OnlineDisk.csproj", "{2B1AD817-A291-4F2D-A74F-F05804DBF680}"
EndProject
Project("{9A19103F-16F7-4668-BE54-9A1E7A4F7556}") = "MessageService", "Modules\MessageService\MessageService.csproj", "{4959377C-C89F-4E1E-9EE9-83D98B19C4C0}"
EndProject
Project("{9A19103F-16F7-4668-BE54-9A1E7A4F7556}") = "OnlineService", "Modules\OnlineService\OnlineService.csproj", "{547DD7CB-B2B4-47DB-8F26-079653034FEB}"
EndProject
Project("{9A19103F-16F7-4668-BE54-9A1E7A4F7556}") = "MicroBlog", "Modules\MicroBlog\MicroBlog.csproj", "{39B39BB3-4CFE-4890-9B90-85360C42D1C7}"
EndProject
Project("{9A19103F-16F7-4668-BE54-9A1E7A4F7556}") = "Forum", "Modules\Forum\Forum.csproj", "{D57DBE1F-FF26-4B72-AB2E-7A9FB10F6771}"
EndProject
Project("{9A19103F-16F7-4668-BE54-9A1E7A4F7556}") = "Navigation", "Modules\Navigation\Navigation.csproj", "{AF912994-5637-4142-A131-73025735895F}"
EndProject
Project("{9A19103F-16F7-4668-BE54-9A1E7A4F7556}") = "AdSense", "Modules\AdSense\AdSense.csproj", "{67FCBC1A-6AFF-4090-8A06-3A6603F6A506}"
EndProject
Project("{9A19103F-16F7-4668-BE54-9A1E7A4F7556}") = "Counter", "Modules\Counter\Counter.csproj", "{892D86C7-41FE-473F-B19E-D4983CC8FA6D}"
EndProject
Project("{FAE04EC0-301F-11D3-BF4B-00C04F79EFBC}") = "Note", "Modules\Note\Note.csproj", "{0949AA65-B294-4EA4-B94A-5A6D90C5BC2D}"
EndProject
Project("{FAE04EC0-301F-11D3-BF4B-00C04F79EFBC}") = "Bot", "Modules\Bot\Bot.csproj", "{A1058992-E4FA-46F0-A391-E92B011E4584}"
EndProject
Global
	GlobalSection(SolutionConfigurationPlatforms) = preSolution
		Debug|Any CPU = Debug|Any CPU
		Release|Any CPU = Release|Any CPU
	EndGlobalSection
	GlobalSection(ProjectConfigurationPlatforms) = postSolution
		{C153B9BA-2F3F-4639-BF05-126D709A446C}.Debug|Any CPU.ActiveCfg = Debug|Any CPU
		{C153B9BA-2F3F-4639-BF05-126D709A446C}.Debug|Any CPU.Build.0 = Debug|Any CPU
		{C153B9BA-2F3F-4639-BF05-126D709A446C}.Release|Any CPU.ActiveCfg = Release|Any CPU
		{C153B9BA-2F3F-4639-BF05-126D709A446C}.Release|Any CPU.Build.0 = Release|Any CPU
		{5BE8F4C0-AE5F-4E96-9B8C-C42A4B43017E}.Debug|Any CPU.ActiveCfg = Debug|Any CPU
		{5BE8F4C0-AE5F-4E96-9B8C-C42A4B43017E}.Debug|Any CPU.Build.0 = Debug|Any CPU
		{5BE8F4C0-AE5F-4E96-9B8C-C42A4B43017E}.Release|Any CPU.ActiveCfg = Release|Any CPU
		{5BE8F4C0-AE5F-4E96-9B8C-C42A4B43017E}.Release|Any CPU.Build.0 = Release|Any CPU
		{AAEF2624-6900-4BD5-A4BC-62E22E41D802}.Debug|Any CPU.ActiveCfg = Debug|Any CPU
		{AAEF2624-6900-4BD5-A4BC-62E22E41D802}.Debug|Any CPU.Build.0 = Debug|Any CPU
		{AAEF2624-6900-4BD5-A4BC-62E22E41D802}.Release|Any CPU.ActiveCfg = Release|Any CPU
		{AAEF2624-6900-4BD5-A4BC-62E22E41D802}.Release|Any CPU.Build.0 = Release|Any CPU
		{6F0A3C0F-D6B2-4186-A63C-7B2791DD7902}.Debug|Any CPU.ActiveCfg = Debug|Any CPU
		{6F0A3C0F-D6B2-4186-A63C-7B2791DD7902}.Debug|Any CPU.Build.0 = Debug|Any CPU
		{6F0A3C0F-D6B2-4186-A63C-7B2791DD7902}.Release|Any CPU.ActiveCfg = Release|Any CPU
		{6F0A3C0F-D6B2-4186-A63C-7B2791DD7902}.Release|Any CPU.Build.0 = Release|Any CPU
		{14576DE7-06A1-4279-8CD9-6415FB270353}.Debug|Any CPU.ActiveCfg = Debug|Any CPU
		{14576DE7-06A1-4279-8CD9-6415FB270353}.Debug|Any CPU.Build.0 = Debug|Any CPU
		{14576DE7-06A1-4279-8CD9-6415FB270353}.Release|Any CPU.ActiveCfg = Release|Any CPU
		{14576DE7-06A1-4279-8CD9-6415FB270353}.Release|Any CPU.Build.0 = Release|Any CPU
		{EA4FFD00-A12F-4D0E-9E7C-89B55C47F1F5}.Debug|Any CPU.ActiveCfg = Debug|Any CPU
		{EA4FFD00-A12F-4D0E-9E7C-89B55C47F1F5}.Debug|Any CPU.Build.0 = Debug|Any CPU
		{EA4FFD00-A12F-4D0E-9E7C-89B55C47F1F5}.Release|Any CPU.ActiveCfg = Release|Any CPU
		{EA4FFD00-A12F-4D0E-9E7C-89B55C47F1F5}.Release|Any CPU.Build.0 = Release|Any CPU
		{FC9B187C-C925-4F84-9004-3D76D60D626D}.Debug|Any CPU.ActiveCfg = Debug|Any CPU
		{FC9B187C-C925-4F84-9004-3D76D60D626D}.Debug|Any CPU.Build.0 = Debug|Any CPU
		{FC9B187C-C925-4F84-9004-3D76D60D626D}.Release|Any CPU.ActiveCfg = Release|Any CPU
		{FC9B187C-C925-4F84-9004-3D76D60D626D}.Release|Any CPU.Build.0 = Release|Any CPU
		{16BAB608-A035-4B32-BFA0-160468D4D1D2}.Debug|Any CPU.ActiveCfg = Debug|Any CPU
		{16BAB608-A035-4B32-BFA0-160468D4D1D2}.Debug|Any CPU.Build.0 = Debug|Any CPU
		{16BAB608-A035-4B32-BFA0-160468D4D1D2}.Release|Any CPU.ActiveCfg = Release|Any CPU
		{16BAB608-A035-4B32-BFA0-160468D4D1D2}.Release|Any CPU.Build.0 = Release|Any CPU
		{020824FF-A787-4946-BA25-B163B2CF6474}.Debug|Any CPU.ActiveCfg = Debug|Any CPU
		{020824FF-A787-4946-BA25-B163B2CF6474}.Debug|Any CPU.Build.0 = Debug|Any CPU
		{020824FF-A787-4946-BA25-B163B2CF6474}.Release|Any CPU.ActiveCfg = Release|Any CPU
		{020824FF-A787-4946-BA25-B163B2CF6474}.Release|Any CPU.Build.0 = Release|Any CPU
		{10F7FC1E-C66D-4EB5-A49E-9932983ED534}.Debug|Any CPU.ActiveCfg = Debug|Any CPU
		{10F7FC1E-C66D-4EB5-A49E-9932983ED534}.Debug|Any CPU.Build.0 = Debug|Any CPU
		{10F7FC1E-C66D-4EB5-A49E-9932983ED534}.Release|Any CPU.ActiveCfg = Release|Any CPU
		{10F7FC1E-C66D-4EB5-A49E-9932983ED534}.Release|Any CPU.Build.0 = Release|Any CPU
		{B8EF4810-3D0B-4DE3-A523-D51B33F6B240}.Debug|Any CPU.ActiveCfg = Debug|Any CPU
		{B8EF4810-3D0B-4DE3-A523-D51B33F6B240}.Debug|Any CPU.Build.0 = Debug|Any CPU
		{B8EF4810-3D0B-4DE3-A523-D51B33F6B240}.Release|Any CPU.ActiveCfg = Release|Any CPU
		{B8EF4810-3D0B-4DE3-A523-D51B33F6B240}.Release|Any CPU.Build.0 = Release|Any CPU
		{AEB14FBE-D04D-4CFA-B4D2-45B9531303FB}.Debug|Any CPU.ActiveCfg = Debug|Any CPU
		{AEB14FBE-D04D-4CFA-B4D2-45B9531303FB}.Debug|Any CPU.Build.0 = Debug|Any CPU
		{AEB14FBE-D04D-4CFA-B4D2-45B9531303FB}.Release|Any CPU.ActiveCfg = Release|Any CPU
		{AEB14FBE-D04D-4CFA-B4D2-45B9531303FB}.Release|Any CPU.Build.0 = Release|Any CPU
		{076E10FA-6A3A-4B4F-B464-F283C4FF53F2}.Debug|Any CPU.ActiveCfg = Debug|Any CPU
		{076E10FA-6A3A-4B4F-B464-F283C4FF53F2}.Debug|Any CPU.Build.0 = Debug|Any CPU
		{076E10FA-6A3A-4B4F-B464-F283C4FF53F2}.Release|Any CPU.ActiveCfg = Release|Any CPU
		{076E10FA-6A3A-4B4F-B464-F283C4FF53F2}.Release|Any CPU.Build.0 = Release|Any CPU
		{4D45D8A2-C26E-4934-8750-63CD8EA0C093}.Debug|Any CPU.ActiveCfg = Debug|Any CPU
		{4D45D8A2-C26E-4934-8750-63CD8EA0C093}.Debug|Any CPU.Build.0 = Debug|Any CPU
		{4D45D8A2-C26E-4934-8750-63CD8EA0C093}.Release|Any CPU.ActiveCfg = Release|Any CPU
		{4D45D8A2-C26E-4934-8750-63CD8EA0C093}.Release|Any CPU.Build.0 = Release|Any CPU
		{2A7FFB95-2064-4AF1-9AF3-4029FF81B58F}.Debug|Any CPU.ActiveCfg = Debug|Any CPU
		{2A7FFB95-2064-4AF1-9AF3-4029FF81B58F}.Debug|Any CPU.Build.0 = Debug|Any CPU
		{2A7FFB95-2064-4AF1-9AF3-4029FF81B58F}.Release|Any CPU.ActiveCfg = Release|Any CPU
		{2A7FFB95-2064-4AF1-9AF3-4029FF81B58F}.Release|Any CPU.Build.0 = Release|Any CPU
		{69940E57-9372-4A19-B03D-FEEF6BE85545}.Debug|Any CPU.ActiveCfg = Debug|Any CPU
		{69940E57-9372-4A19-B03D-FEEF6BE85545}.Debug|Any CPU.Build.0 = Debug|Any CPU
		{69940E57-9372-4A19-B03D-FEEF6BE85545}.Release|Any CPU.ActiveCfg = Release|Any CPU
		{69940E57-9372-4A19-B03D-FEEF6BE85545}.Release|Any CPU.Build.0 = Release|Any CPU
		{5F38BDA8-A0B8-4BF3-8AAF-B92B166DC547}.Debug|Any CPU.ActiveCfg = Debug|Any CPU
		{5F38BDA8-A0B8-4BF3-8AAF-B92B166DC547}.Debug|Any CPU.Build.0 = Debug|Any CPU
		{5F38BDA8-A0B8-4BF3-8AAF-B92B166DC547}.Release|Any CPU.ActiveCfg = Release|Any CPU
		{5F38BDA8-A0B8-4BF3-8AAF-B92B166DC547}.Release|Any CPU.Build.0 = Release|Any CPU
		{56E5D6AB-1289-45DD-A12F-60472635E865}.Debug|Any CPU.ActiveCfg = Debug|Any CPU
		{56E5D6AB-1289-45DD-A12F-60472635E865}.Debug|Any CPU.Build.0 = Debug|Any CPU
		{56E5D6AB-1289-45DD-A12F-60472635E865}.Release|Any CPU.ActiveCfg = Release|Any CPU
		{56E5D6AB-1289-45DD-A12F-60472635E865}.Release|Any CPU.Build.0 = Release|Any CPU
		{2B1AD817-A291-4F2D-A74F-F05804DBF680}.Debug|Any CPU.ActiveCfg = Debug|Any CPU
		{2B1AD817-A291-4F2D-A74F-F05804DBF680}.Debug|Any CPU.Build.0 = Debug|Any CPU
		{2B1AD817-A291-4F2D-A74F-F05804DBF680}.Release|Any CPU.ActiveCfg = Release|Any CPU
		{2B1AD817-A291-4F2D-A74F-F05804DBF680}.Release|Any CPU.Build.0 = Release|Any CPU
		{4959377C-C89F-4E1E-9EE9-83D98B19C4C0}.Debug|Any CPU.ActiveCfg = Debug|Any CPU
		{4959377C-C89F-4E1E-9EE9-83D98B19C4C0}.Debug|Any CPU.Build.0 = Debug|Any CPU
		{4959377C-C89F-4E1E-9EE9-83D98B19C4C0}.Release|Any CPU.ActiveCfg = Release|Any CPU
		{4959377C-C89F-4E1E-9EE9-83D98B19C4C0}.Release|Any CPU.Build.0 = Release|Any CPU
		{547DD7CB-B2B4-47DB-8F26-079653034FEB}.Debug|Any CPU.ActiveCfg = Debug|Any CPU
		{547DD7CB-B2B4-47DB-8F26-079653034FEB}.Debug|Any CPU.Build.0 = Debug|Any CPU
		{547DD7CB-B2B4-47DB-8F26-079653034FEB}.Release|Any CPU.ActiveCfg = Release|Any CPU
		{547DD7CB-B2B4-47DB-8F26-079653034FEB}.Release|Any CPU.Build.0 = Release|Any CPU
		{39B39BB3-4CFE-4890-9B90-85360C42D1C7}.Debug|Any CPU.ActiveCfg = Debug|Any CPU
		{39B39BB3-4CFE-4890-9B90-85360C42D1C7}.Debug|Any CPU.Build.0 = Debug|Any CPU
		{39B39BB3-4CFE-4890-9B90-85360C42D1C7}.Release|Any CPU.ActiveCfg = Release|Any CPU
		{39B39BB3-4CFE-4890-9B90-85360C42D1C7}.Release|Any CPU.Build.0 = Release|Any CPU
		{D57DBE1F-FF26-4B72-AB2E-7A9FB10F6771}.Debug|Any CPU.ActiveCfg = Debug|Any CPU
		{D57DBE1F-FF26-4B72-AB2E-7A9FB10F6771}.Debug|Any CPU.Build.0 = Debug|Any CPU
		{D57DBE1F-FF26-4B72-AB2E-7A9FB10F6771}.Release|Any CPU.ActiveCfg = Release|Any CPU
		{D57DBE1F-FF26-4B72-AB2E-7A9FB10F6771}.Release|Any CPU.Build.0 = Release|Any CPU
		{AF912994-5637-4142-A131-73025735895F}.Debug|Any CPU.ActiveCfg = Debug|Any CPU
		{AF912994-5637-4142-A131-73025735895F}.Debug|Any CPU.Build.0 = Debug|Any CPU
		{AF912994-5637-4142-A131-73025735895F}.Release|Any CPU.ActiveCfg = Release|Any CPU
		{AF912994-5637-4142-A131-73025735895F}.Release|Any CPU.Build.0 = Release|Any CPU
		{67FCBC1A-6AFF-4090-8A06-3A6603F6A506}.Debug|Any CPU.ActiveCfg = Debug|Any CPU
		{67FCBC1A-6AFF-4090-8A06-3A6603F6A506}.Debug|Any CPU.Build.0 = Debug|Any CPU
		{67FCBC1A-6AFF-4090-8A06-3A6603F6A506}.Release|Any CPU.ActiveCfg = Release|Any CPU
		{67FCBC1A-6AFF-4090-8A06-3A6603F6A506}.Release|Any CPU.Build.0 = Release|Any CPU
		{892D86C7-41FE-473F-B19E-D4983CC8FA6D}.Debug|Any CPU.ActiveCfg = Debug|Any CPU
		{892D86C7-41FE-473F-B19E-D4983CC8FA6D}.Debug|Any CPU.Build.0 = Debug|Any CPU
		{892D86C7-41FE-473F-B19E-D4983CC8FA6D}.Release|Any CPU.ActiveCfg = Release|Any CPU
		{892D86C7-41FE-473F-B19E-D4983CC8FA6D}.Release|Any CPU.Build.0 = Release|Any CPU
		{0949AA65-B294-4EA4-B94A-5A6D90C5BC2D}.Debug|Any CPU.ActiveCfg = Debug|Any CPU
		{0949AA65-B294-4EA4-B94A-5A6D90C5BC2D}.Debug|Any CPU.Build.0 = Debug|Any CPU
		{0949AA65-B294-4EA4-B94A-5A6D90C5BC2D}.Release|Any CPU.ActiveCfg = Release|Any CPU
		{0949AA65-B294-4EA4-B94A-5A6D90C5BC2D}.Release|Any CPU.Build.0 = Release|Any CPU
		{A1058992-E4FA-46F0-A391-E92B011E4584}.Debug|Any CPU.ActiveCfg = Debug|Any CPU
		{A1058992-E4FA-46F0-A391-E92B011E4584}.Debug|Any CPU.Build.0 = Debug|Any CPU
		{A1058992-E4FA-46F0-A391-E92B011E4584}.Release|Any CPU.ActiveCfg = Release|Any CPU
		{A1058992-E4FA-46F0-A391-E92B011E4584}.Release|Any CPU.Build.0 = Release|Any CPU
	EndGlobalSection
	GlobalSection(SolutionProperties) = preSolution
		HideSolutionNode = FALSE
	EndGlobalSection
	GlobalSection(NestedProjects) = preSolution
		{14576DE7-06A1-4279-8CD9-6415FB270353} = {03BF2D69-82E2-4D8A-9C22-F6DEF345541C}
		{EA4FFD00-A12F-4D0E-9E7C-89B55C47F1F5} = {03BF2D69-82E2-4D8A-9C22-F6DEF345541C}
		{FC9B187C-C925-4F84-9004-3D76D60D626D} = {03BF2D69-82E2-4D8A-9C22-F6DEF345541C}
		{16BAB608-A035-4B32-BFA0-160468D4D1D2} = {03BF2D69-82E2-4D8A-9C22-F6DEF345541C}
		{020824FF-A787-4946-BA25-B163B2CF6474} = {03BF2D69-82E2-4D8A-9C22-F6DEF345541C}
		{10F7FC1E-C66D-4EB5-A49E-9932983ED534} = {03BF2D69-82E2-4D8A-9C22-F6DEF345541C}
		{B8EF4810-3D0B-4DE3-A523-D51B33F6B240} = {03BF2D69-82E2-4D8A-9C22-F6DEF345541C}
		{AEB14FBE-D04D-4CFA-B4D2-45B9531303FB} = {03BF2D69-82E2-4D8A-9C22-F6DEF345541C}
		{076E10FA-6A3A-4B4F-B464-F283C4FF53F2} = {03BF2D69-82E2-4D8A-9C22-F6DEF345541C}
		{4D45D8A2-C26E-4934-8750-63CD8EA0C093} = {03BF2D69-82E2-4D8A-9C22-F6DEF345541C}
		{5F38BDA8-A0B8-4BF3-8AAF-B92B166DC547} = {03BF2D69-82E2-4D8A-9C22-F6DEF345541C}
		{56E5D6AB-1289-45DD-A12F-60472635E865} = {03BF2D69-82E2-4D8A-9C22-F6DEF345541C}
		{2B1AD817-A291-4F2D-A74F-F05804DBF680} = {03BF2D69-82E2-4D8A-9C22-F6DEF345541C}
		{4959377C-C89F-4E1E-9EE9-83D98B19C4C0} = {03BF2D69-82E2-4D8A-9C22-F6DEF345541C}
		{547DD7CB-B2B4-47DB-8F26-079653034FEB} = {03BF2D69-82E2-4D8A-9C22-F6DEF345541C}
		{39B39BB3-4CFE-4890-9B90-85360C42D1C7} = {03BF2D69-82E2-4D8A-9C22-F6DEF345541C}
		{D57DBE1F-FF26-4B72-AB2E-7A9FB10F6771} = {03BF2D69-82E2-4D8A-9C22-F6DEF345541C}
		{AF912994-5637-4142-A131-73025735895F} = {03BF2D69-82E2-4D8A-9C22-F6DEF345541C}
		{67FCBC1A-6AFF-4090-8A06-3A6603F6A506} = {03BF2D69-82E2-4D8A-9C22-F6DEF345541C}
		{892D86C7-41FE-473F-B19E-D4983CC8FA6D} = {03BF2D69-82E2-4D8A-9C22-F6DEF345541C}
		{0949AA65-B294-4EA4-B94A-5A6D90C5BC2D} = {03BF2D69-82E2-4D8A-9C22-F6DEF345541C}
		{A1058992-E4FA-46F0-A391-E92B011E4584} = {03BF2D69-82E2-4D8A-9C22-F6DEF345541C}
	EndGlobalSection
	GlobalSection(ExtensibilityGlobals) = postSolution
		SolutionGuid = {137970B0-B381-4D3F-AD18-F22A2B0365E6}
	EndGlobalSection
EndGlobal
